
Microsoft Visual Studio Solution File, Format Version 12.00
# Visual Studio Version 17
VisualStudioVersion = 17.6.33815.320
MinimumVisualStudioVersion = 10.0.40219.1
Project("{9A19103F-16F7-4668-BE54-9A1E7A4F7556}") = "JWTApp.Back", "JWTApp.Back\JWTApp.Back.csproj", "{F27BF9D9-4724-4696-8BB5-D054F666B16A}"
EndProject
Project("{FAE04EC0-301F-11D3-BF4B-00C04F79EFBC}") = "JWTApp.Front", "JWTApp.Front\JWTApp.Front.csproj", "{FB93545C-8C01-4141-98DD-8D4ACB2E0ED6}"
EndProject
Global
	GlobalSection(SolutionConfigurationPlatforms) = preSolution
		Debug|Any CPU = Debug|Any CPU
		Release|Any CPU = Release|Any CPU
	EndGlobalSection
	GlobalSection(ProjectConfigurationPlatforms) = postSolution
		{F27BF9D9-4724-4696-8BB5-D054F666B16A}.Debug|Any CPU.ActiveCfg = Debug|Any CPU
		{F27BF9D9-4724-4696-8BB5-D054F666B16A}.Debug|Any CPU.Build.0 = Debug|Any CPU
		{F27BF9D9-4724-4696-8BB5-D054F666B16A}.Release|Any CPU.ActiveCfg = Release|Any CPU
		{F27BF9D9-4724-4696-8BB5-D054F666B16A}.Release|Any CPU.Build.0 = Release|Any CPU
		{FB93545C-8C01-4141-98DD-8D4ACB2E0ED6}.Debug|Any CPU.ActiveCfg = Debug|Any CPU
		{FB93545C-8C01-4141-98DD-8D4ACB2E0ED6}.Debug|Any CPU.Build.0 = Debug|Any CPU
		{FB93545C-8C01-4141-98DD-8D4ACB2E0ED6}.Release|Any CPU.ActiveCfg = Release|Any CPU
		{FB93545C-8C01-4141-98DD-8D4ACB2E0ED6}.Release|Any CPU.Build.0 = Release|Any CPU
	EndGlobalSection
	GlobalSection(SolutionProperties) = preSolution
		HideSolutionNode = FALSE
	EndGlobalSection
	GlobalSection(ExtensibilityGlobals) = postSolution
		SolutionGuid = {F9F02C45-C354-42A3-B3A5-1F752D617D19}
	EndGlobalSection
EndGlobal
